
Microsoft Visual Studio Solution File, Format Version 12.00
# Visual Studio Version 17
VisualStudioVersion = 17.7.34003.232
MinimumVisualStudioVersion = 10.0.40219.1
Project("{FAE04EC0-301F-11D3-BF4B-00C04F79EFBC}") = "Homework1", "Homework1\Homework1.csproj", "{4DF5CF0F-C1C4-4A05-9A45-D918C1C9DE2A}"
EndProject
Global
	GlobalSection(SolutionConfigurationPlatforms) = preSolution
		Debug|Any CPU = Debug|Any CPU
		Release|Any CPU = Release|Any CPU
	EndGlobalSection
	GlobalSection(ProjectConfigurationPlatforms) = postSolution
		{4DF5CF0F-C1C4-4A05-9A45-D918C1C9DE2A}.Debug|Any CPU.ActiveCfg = Debug|Any CPU
		{4DF5CF0F-C1C4-4A05-9A45-D918C1C9DE2A}.Debug|Any CPU.Build.0 = Debug|Any CPU
		{4DF5CF0F-C1C4-4A05-9A45-D918C1C9DE2A}.Release|Any CPU.ActiveCfg = Release|Any CPU
		{4DF5CF0F-C1C4-4A05-9A45-D918C1C9DE2A}.Release|Any CPU.Build.0 = Release|Any CPU
	EndGlobalSection
	GlobalSection(SolutionProperties) = preSolution
		HideSolutionNode = FALSE
	EndGlobalSection
	GlobalSection(ExtensibilityGlobals) = postSolution
		SolutionGuid = {14B9198A-AA44-449C-AC6D-7975D17E9D8A}
	EndGlobalSection
EndGlobal
